
Microsoft Visual Studio Solution File, Format Version 12.00
# Visual Studio Version 16
VisualStudioVersion = 16.0.30114.105
MinimumVisualStudioVersion = 10.0.40219.1
Project("{9A19103F-16F7-4668-BE54-9A1E7A4F7556}") = "ConsoleApp", "ConsoleApp\ConsoleApp.csproj", "{6EE46719-B651-412D-9034-E52A26745014}"
EndProject
Project("{FAE04EC0-301F-11D3-BF4B-00C04F79EFBC}") = "DataAccess", "DataAccess\DataAccess.csproj", "{B29980A7-4868-4FE6-B638-9BB032A3BA23}"
EndProject
Project("{FAE04EC0-301F-11D3-BF4B-00C04F79EFBC}") = "Infrastructure", "Infrastructure\Infrastructure.csproj", "{876D13D4-236B-474A-B966-DE0D3A56C853}"
EndProject
Project("{FAE04EC0-301F-11D3-BF4B-00C04F79EFBC}") = "WebAPI", "WebAPI\WebAPI.csproj", "{9C1A0014-ADA2-449F-BB2F-D621CFB327F2}"
EndProject
Global
	GlobalSection(SolutionConfigurationPlatforms) = preSolution
		Debug|Any CPU = Debug|Any CPU
		Release|Any CPU = Release|Any CPU
	EndGlobalSection
	GlobalSection(ProjectConfigurationPlatforms) = postSolution
		{6EE46719-B651-412D-9034-E52A26745014}.Debug|Any CPU.ActiveCfg = Debug|Any CPU
		{6EE46719-B651-412D-9034-E52A26745014}.Debug|Any CPU.Build.0 = Debug|Any CPU
		{6EE46719-B651-412D-9034-E52A26745014}.Release|Any CPU.ActiveCfg = Release|Any CPU
		{6EE46719-B651-412D-9034-E52A26745014}.Release|Any CPU.Build.0 = Release|Any CPU
		{B29980A7-4868-4FE6-B638-9BB032A3BA23}.Debug|Any CPU.ActiveCfg = Debug|Any CPU
		{B29980A7-4868-4FE6-B638-9BB032A3BA23}.Debug|Any CPU.Build.0 = Debug|Any CPU
		{B29980A7-4868-4FE6-B638-9BB032A3BA23}.Release|Any CPU.ActiveCfg = Release|Any CPU
		{B29980A7-4868-4FE6-B638-9BB032A3BA23}.Release|Any CPU.Build.0 = Release|Any CPU
		{876D13D4-236B-474A-B966-DE0D3A56C853}.Debug|Any CPU.ActiveCfg = Debug|Any CPU
		{876D13D4-236B-474A-B966-DE0D3A56C853}.Debug|Any CPU.Build.0 = Debug|Any CPU
		{876D13D4-236B-474A-B966-DE0D3A56C853}.Release|Any CPU.ActiveCfg = Release|Any CPU
		{876D13D4-236B-474A-B966-DE0D3A56C853}.Release|Any CPU.Build.0 = Release|Any CPU
		{9C1A0014-ADA2-449F-BB2F-D621CFB327F2}.Debug|Any CPU.ActiveCfg = Debug|Any CPU
		{9C1A0014-ADA2-449F-BB2F-D621CFB327F2}.Debug|Any CPU.Build.0 = Debug|Any CPU
		{9C1A0014-ADA2-449F-BB2F-D621CFB327F2}.Release|Any CPU.ActiveCfg = Release|Any CPU
		{9C1A0014-ADA2-449F-BB2F-D621CFB327F2}.Release|Any CPU.Build.0 = Release|Any CPU
	EndGlobalSection
	GlobalSection(SolutionProperties) = preSolution
		HideSolutionNode = FALSE
	EndGlobalSection
	GlobalSection(ExtensibilityGlobals) = postSolution
		SolutionGuid = {5172417F-417C-4BAF-A37F-B6913849AB75}
	EndGlobalSection
EndGlobal
